
Microsoft Visual Studio Solution File, Format Version 12.00
# Visual Studio Version 17
VisualStudioVersion = 17.8.34511.84
MinimumVisualStudioVersion = 10.0.40219.1
Project("{8BC9CEB8-8B4A-11D0-8D11-00A0C91BC942}") = "Client side", "Client side\Client side.vcxproj", "{5ED6F8A8-784C-4C26-AE76-5514F4270E33}"
EndProject
Global
	GlobalSection(SolutionConfigurationPlatforms) = preSolution
		Debug|x64 = Debug|x64
		Debug|x86 = Debug|x86
		Release|x64 = Release|x64
		Release|x86 = Release|x86
	EndGlobalSection
	GlobalSection(ProjectConfigurationPlatforms) = postSolution
		{5ED6F8A8-784C-4C26-AE76-5514F4270E33}.Debug|x64.ActiveCfg = Debug|x64
		{5ED6F8A8-784C-4C26-AE76-5514F4270E33}.Debug|x64.Build.0 = Debug|x64
		{5ED6F8A8-784C-4C26-AE76-5514F4270E33}.Debug|x86.ActiveCfg = Debug|Win32
		{5ED6F8A8-784C-4C26-AE76-5514F4270E33}.Debug|x86.Build.0 = Debug|Win32
		{5ED6F8A8-784C-4C26-AE76-5514F4270E33}.Release|x64.ActiveCfg = Release|x64
		{5ED6F8A8-784C-4C26-AE76-5514F4270E33}.Release|x64.Build.0 = Release|x64
		{5ED6F8A8-784C-4C26-AE76-5514F4270E33}.Release|x86.ActiveCfg = Release|Win32
		{5ED6F8A8-784C-4C26-AE76-5514F4270E33}.Release|x86.Build.0 = Release|Win32
	EndGlobalSection
	GlobalSection(SolutionProperties) = preSolution
		HideSolutionNode = FALSE
	EndGlobalSection
	GlobalSection(ExtensibilityGlobals) = postSolution
		SolutionGuid = {706B9025-0B25-4930-AAFC-3353E4EC043F}
	EndGlobalSection
EndGlobal
